
Microsoft Visual Studio Solution File, Format Version 12.00
# Visual Studio Version 16
VisualStudioVersion = 16.0.31624.102
MinimumVisualStudioVersion = 10.0.40219.1
Project("{FAE04EC0-301F-11D3-BF4B-00C04F79EFBC}") = "Business", "..\Business\Business.csproj", "{2CB7FCC1-5CFD-41DD-80EF-EA8D670ECB29}"
EndProject
Project("{FAE04EC0-301F-11D3-BF4B-00C04F79EFBC}") = "Entities", "..\Entities\Entities.csproj", "{2FEC397D-5FF4-40CD-9963-B8514E09DA44}"
EndProject
Project("{FAE04EC0-301F-11D3-BF4B-00C04F79EFBC}") = "DataAccess", "..\DataAccess\DataAccess.csproj", "{55BAC499-478A-4F90-926E-BD4C364FDC6E}"
EndProject
Project("{FAE04EC0-301F-11D3-BF4B-00C04F79EFBC}") = "Core", "..\Core\Core.csproj", "{D824A545-2CA1-411F-A265-3580A4F1FE9F}"
EndProject
Project("{FAE04EC0-301F-11D3-BF4B-00C04F79EFBC}") = "WebAPI", "..\WebAPI\WebAPI.csproj", "{38B7D5E0-ABF7-469A-BAFB-02F424E8CFD6}"
EndProject
Global
	GlobalSection(SolutionConfigurationPlatforms) = preSolution
		Debug|Any CPU = Debug|Any CPU
		Release|Any CPU = Release|Any CPU
	EndGlobalSection
	GlobalSection(ProjectConfigurationPlatforms) = postSolution
		{2CB7FCC1-5CFD-41DD-80EF-EA8D670ECB29}.Debug|Any CPU.ActiveCfg = Debug|Any CPU
		{2CB7FCC1-5CFD-41DD-80EF-EA8D670ECB29}.Debug|Any CPU.Build.0 = Debug|Any CPU
		{2CB7FCC1-5CFD-41DD-80EF-EA8D670ECB29}.Release|Any CPU.ActiveCfg = Release|Any CPU
		{2CB7FCC1-5CFD-41DD-80EF-EA8D670ECB29}.Release|Any CPU.Build.0 = Release|Any CPU
		{2FEC397D-5FF4-40CD-9963-B8514E09DA44}.Debug|Any CPU.ActiveCfg = Debug|Any CPU
		{2FEC397D-5FF4-40CD-9963-B8514E09DA44}.Debug|Any CPU.Build.0 = Debug|Any CPU
		{2FEC397D-5FF4-40CD-9963-B8514E09DA44}.Release|Any CPU.ActiveCfg = Release|Any CPU
		{2FEC397D-5FF4-40CD-9963-B8514E09DA44}.Release|Any CPU.Build.0 = Release|Any CPU
		{55BAC499-478A-4F90-926E-BD4C364FDC6E}.Debug|Any CPU.ActiveCfg = Debug|Any CPU
		{55BAC499-478A-4F90-926E-BD4C364FDC6E}.Debug|Any CPU.Build.0 = Debug|Any CPU
		{55BAC499-478A-4F90-926E-BD4C364FDC6E}.Release|Any CPU.ActiveCfg = Release|Any CPU
		{55BAC499-478A-4F90-926E-BD4C364FDC6E}.Release|Any CPU.Build.0 = Release|Any CPU
		{D824A545-2CA1-411F-A265-3580A4F1FE9F}.Debug|Any CPU.ActiveCfg = Debug|Any CPU
		{D824A545-2CA1-411F-A265-3580A4F1FE9F}.Debug|Any CPU.Build.0 = Debug|Any CPU
		{D824A545-2CA1-411F-A265-3580A4F1FE9F}.Release|Any CPU.ActiveCfg = Release|Any CPU
		{D824A545-2CA1-411F-A265-3580A4F1FE9F}.Release|Any CPU.Build.0 = Release|Any CPU
		{38B7D5E0-ABF7-469A-BAFB-02F424E8CFD6}.Debug|Any CPU.ActiveCfg = Debug|Any CPU
		{38B7D5E0-ABF7-469A-BAFB-02F424E8CFD6}.Debug|Any CPU.Build.0 = Debug|Any CPU
		{38B7D5E0-ABF7-469A-BAFB-02F424E8CFD6}.Release|Any CPU.ActiveCfg = Release|Any CPU
		{38B7D5E0-ABF7-469A-BAFB-02F424E8CFD6}.Release|Any CPU.Build.0 = Release|Any CPU
	EndGlobalSection
	GlobalSection(SolutionProperties) = preSolution
		HideSolutionNode = FALSE
	EndGlobalSection
	GlobalSection(ExtensibilityGlobals) = postSolution
		SolutionGuid = {A2562E46-B8C9-42DC-94B7-43D883F2FFDE}
	EndGlobalSection
EndGlobal
